
Microsoft Visual Studio Solution File, Format Version 12.00
# Visual Studio Version 16
VisualStudioVersion = 16.0.31321.278
MinimumVisualStudioVersion = 10.0.40219.1
Project("{FAE04EC0-301F-11D3-BF4B-00C04F79EFBC}") = "CZBooks.senai.api", "CZBooks.senai.api\CZBooks.senai.api.csproj", "{36CF830C-99C9-4418-B428-7F747C72825C}"
EndProject
Global
	GlobalSection(SolutionConfigurationPlatforms) = preSolution
		Debug|Any CPU = Debug|Any CPU
		Release|Any CPU = Release|Any CPU
	EndGlobalSection
	GlobalSection(ProjectConfigurationPlatforms) = postSolution
		{36CF830C-99C9-4418-B428-7F747C72825C}.Debug|Any CPU.ActiveCfg = Debug|Any CPU
		{36CF830C-99C9-4418-B428-7F747C72825C}.Debug|Any CPU.Build.0 = Debug|Any CPU
		{36CF830C-99C9-4418-B428-7F747C72825C}.Release|Any CPU.ActiveCfg = Release|Any CPU
		{36CF830C-99C9-4418-B428-7F747C72825C}.Release|Any CPU.Build.0 = Release|Any CPU
	EndGlobalSection
	GlobalSection(SolutionProperties) = preSolution
		HideSolutionNode = FALSE
	EndGlobalSection
	GlobalSection(ExtensibilityGlobals) = postSolution
		SolutionGuid = {0B2ACF29-71D2-4FCB-8516-0365F8E363E1}
	EndGlobalSection
EndGlobal
